
Microsoft Visual Studio Solution File, Format Version 12.00
# Visual Studio Version 17
VisualStudioVersion = 17.13.35919.96
MinimumVisualStudioVersion = 10.0.40219.1
Project("{FAE04EC0-301F-11D3-BF4B-00C04F79EFBC}") = "BugTracker.Web", "BugTracker.Web\BugTracker.Web.csproj", "{78AC9A93-F548-428E-A49E-589A3AD73538}"
EndProject
Project("{FAE04EC0-301F-11D3-BF4B-00C04F79EFBC}") = "BugTracker.Application", "BugTracker.Application\BugTracker.Application.csproj", "{12ACC7E0-3031-43D6-9EB1-4996F588E341}"
EndProject
Project("{FAE04EC0-301F-11D3-BF4B-00C04F79EFBC}") = "BugTracker.Infrastructure", "BugTracker.Infrastructure\BugTracker.Infrastructure.csproj", "{091BEE17-727B-4AE9-9151-CFED258A40C2}"
EndProject
Global
	GlobalSection(SolutionConfigurationPlatforms) = preSolution
		Debug|Any CPU = Debug|Any CPU
		Release|Any CPU = Release|Any CPU
	EndGlobalSection
	GlobalSection(ProjectConfigurationPlatforms) = postSolution
		{78AC9A93-F548-428E-A49E-589A3AD73538}.Debug|Any CPU.ActiveCfg = Debug|Any CPU
		{78AC9A93-F548-428E-A49E-589A3AD73538}.Debug|Any CPU.Build.0 = Debug|Any CPU
		{78AC9A93-F548-428E-A49E-589A3AD73538}.Release|Any CPU.ActiveCfg = Release|Any CPU
		{78AC9A93-F548-428E-A49E-589A3AD73538}.Release|Any CPU.Build.0 = Release|Any CPU
		{12ACC7E0-3031-43D6-9EB1-4996F588E341}.Debug|Any CPU.ActiveCfg = Debug|Any CPU
		{12ACC7E0-3031-43D6-9EB1-4996F588E341}.Debug|Any CPU.Build.0 = Debug|Any CPU
		{12ACC7E0-3031-43D6-9EB1-4996F588E341}.Release|Any CPU.ActiveCfg = Release|Any CPU
		{12ACC7E0-3031-43D6-9EB1-4996F588E341}.Release|Any CPU.Build.0 = Release|Any CPU
		{091BEE17-727B-4AE9-9151-CFED258A40C2}.Debug|Any CPU.ActiveCfg = Debug|Any CPU
		{091BEE17-727B-4AE9-9151-CFED258A40C2}.Debug|Any CPU.Build.0 = Debug|Any CPU
		{091BEE17-727B-4AE9-9151-CFED258A40C2}.Release|Any CPU.ActiveCfg = Release|Any CPU
		{091BEE17-727B-4AE9-9151-CFED258A40C2}.Release|Any CPU.Build.0 = Release|Any CPU
	EndGlobalSection
	GlobalSection(SolutionProperties) = preSolution
		HideSolutionNode = FALSE
	EndGlobalSection
	GlobalSection(ExtensibilityGlobals) = postSolution
		SolutionGuid = {301601B2-794C-49BB-9270-55F06972E759}
	EndGlobalSection
EndGlobal
